
Microsoft Visual Studio Solution File, Format Version 12.00
# Visual Studio Version 16
VisualStudioVersion = 16.0.29806.167
MinimumVisualStudioVersion = 15.0.26124.0
Project("{9A19103F-16F7-4668-BE54-9A1E7A4F7556}") = "cry-chan.Api", "cry-chan.Api\cry-chan.Api.csproj", "{471583E4-564C-4592-8726-4F7601ED94C5}"
EndProject
Project("{9A19103F-16F7-4668-BE54-9A1E7A4F7556}") = "cry-chan.Core", "cry-chan.Core\cry-chan.Core.csproj", "{992E3783-0CA5-44EA-852E-A9F9AB9E68B9}"
EndProject
Project("{9A19103F-16F7-4668-BE54-9A1E7A4F7556}") = "cry-chan.Data", "cry-chan.Data\cry-chan.Data.csproj", "{8C04C6DC-CFCB-4DD0-A8A5-5D76763D97F7}"
EndProject
Project("{9A19103F-16F7-4668-BE54-9A1E7A4F7556}") = "cry-chan.Services", "cry-chan.Services\cry-chan.Services.csproj", "{8B5A4AB1-F985-45F1-A4B2-825C479E9A64}"
EndProject
Project("{FAE04EC0-301F-11D3-BF4B-00C04F79EFBC}") = "cry-chan.Tests", "cry-chan.Tests\cry-chan.Tests.csproj", "{CEA9672F-4B87-45FE-9EE7-85E836EB8A77}"
EndProject
Global
	GlobalSection(SolutionConfigurationPlatforms) = preSolution
		Debug|Any CPU = Debug|Any CPU
		Debug|x64 = Debug|x64
		Debug|x86 = Debug|x86
		Release|Any CPU = Release|Any CPU
		Release|x64 = Release|x64
		Release|x86 = Release|x86
	EndGlobalSection
	GlobalSection(ProjectConfigurationPlatforms) = postSolution
		{471583E4-564C-4592-8726-4F7601ED94C5}.Debug|Any CPU.ActiveCfg = Debug|Any CPU
		{471583E4-564C-4592-8726-4F7601ED94C5}.Debug|Any CPU.Build.0 = Debug|Any CPU
		{471583E4-564C-4592-8726-4F7601ED94C5}.Debug|x64.ActiveCfg = Debug|Any CPU
		{471583E4-564C-4592-8726-4F7601ED94C5}.Debug|x64.Build.0 = Debug|Any CPU
		{471583E4-564C-4592-8726-4F7601ED94C5}.Debug|x86.ActiveCfg = Debug|Any CPU
		{471583E4-564C-4592-8726-4F7601ED94C5}.Debug|x86.Build.0 = Debug|Any CPU
		{471583E4-564C-4592-8726-4F7601ED94C5}.Release|Any CPU.ActiveCfg = Release|Any CPU
		{471583E4-564C-4592-8726-4F7601ED94C5}.Release|Any CPU.Build.0 = Release|Any CPU
		{471583E4-564C-4592-8726-4F7601ED94C5}.Release|x64.ActiveCfg = Release|Any CPU
		{471583E4-564C-4592-8726-4F7601ED94C5}.Release|x64.Build.0 = Release|Any CPU
		{471583E4-564C-4592-8726-4F7601ED94C5}.Release|x86.ActiveCfg = Release|Any CPU
		{471583E4-564C-4592-8726-4F7601ED94C5}.Release|x86.Build.0 = Release|Any CPU
		{992E3783-0CA5-44EA-852E-A9F9AB9E68B9}.Debug|Any CPU.ActiveCfg = Debug|Any CPU
		{992E3783-0CA5-44EA-852E-A9F9AB9E68B9}.Debug|Any CPU.Build.0 = Debug|Any CPU
		{992E3783-0CA5-44EA-852E-A9F9AB9E68B9}.Debug|x64.ActiveCfg = Debug|Any CPU
		{992E3783-0CA5-44EA-852E-A9F9AB9E68B9}.Debug|x64.Build.0 = Debug|Any CPU
		{992E3783-0CA5-44EA-852E-A9F9AB9E68B9}.Debug|x86.ActiveCfg = Debug|Any CPU
		{992E3783-0CA5-44EA-852E-A9F9AB9E68B9}.Debug|x86.Build.0 = Debug|Any CPU
		{992E3783-0CA5-44EA-852E-A9F9AB9E68B9}.Release|Any CPU.ActiveCfg = Release|Any CPU
		{992E3783-0CA5-44EA-852E-A9F9AB9E68B9}.Release|Any CPU.Build.0 = Release|Any CPU
		{992E3783-0CA5-44EA-852E-A9F9AB9E68B9}.Release|x64.ActiveCfg = Release|Any CPU
		{992E3783-0CA5-44EA-852E-A9F9AB9E68B9}.Release|x64.Build.0 = Release|Any CPU
		{992E3783-0CA5-44EA-852E-A9F9AB9E68B9}.Release|x86.ActiveCfg = Release|Any CPU
		{992E3783-0CA5-44EA-852E-A9F9AB9E68B9}.Release|x86.Build.0 = Release|Any CPU
		{8C04C6DC-CFCB-4DD0-A8A5-5D76763D97F7}.Debug|Any CPU.ActiveCfg = Debug|Any CPU
		{8C04C6DC-CFCB-4DD0-A8A5-5D76763D97F7}.Debug|Any CPU.Build.0 = Debug|Any CPU
		{8C04C6DC-CFCB-4DD0-A8A5-5D76763D97F7}.Debug|x64.ActiveCfg = Debug|Any CPU
		{8C04C6DC-CFCB-4DD0-A8A5-5D76763D97F7}.Debug|x64.Build.0 = Debug|Any CPU
		{8C04C6DC-CFCB-4DD0-A8A5-5D76763D97F7}.Debug|x86.ActiveCfg = Debug|Any CPU
		{8C04C6DC-CFCB-4DD0-A8A5-5D76763D97F7}.Debug|x86.Build.0 = Debug|Any CPU
		{8C04C6DC-CFCB-4DD0-A8A5-5D76763D97F7}.Release|Any CPU.ActiveCfg = Release|Any CPU
		{8C04C6DC-CFCB-4DD0-A8A5-5D76763D97F7}.Release|Any CPU.Build.0 = Release|Any CPU
		{8C04C6DC-CFCB-4DD0-A8A5-5D76763D97F7}.Release|x64.ActiveCfg = Release|Any CPU
		{8C04C6DC-CFCB-4DD0-A8A5-5D76763D97F7}.Release|x64.Build.0 = Release|Any CPU
		{8C04C6DC-CFCB-4DD0-A8A5-5D76763D97F7}.Release|x86.ActiveCfg = Release|Any CPU
		{8C04C6DC-CFCB-4DD0-A8A5-5D76763D97F7}.Release|x86.Build.0 = Release|Any CPU
		{8B5A4AB1-F985-45F1-A4B2-825C479E9A64}.Debug|Any CPU.ActiveCfg = Debug|Any CPU
		{8B5A4AB1-F985-45F1-A4B2-825C479E9A64}.Debug|Any CPU.Build.0 = Debug|Any CPU
		{8B5A4AB1-F985-45F1-A4B2-825C479E9A64}.Debug|x64.ActiveCfg = Debug|Any CPU
		{8B5A4AB1-F985-45F1-A4B2-825C479E9A64}.Debug|x64.Build.0 = Debug|Any CPU
		{8B5A4AB1-F985-45F1-A4B2-825C479E9A64}.Debug|x86.ActiveCfg = Debug|Any CPU
		{8B5A4AB1-F985-45F1-A4B2-825C479E9A64}.Debug|x86.Build.0 = Debug|Any CPU
		{8B5A4AB1-F985-45F1-A4B2-825C479E9A64}.Release|Any CPU.ActiveCfg = Release|Any CPU
		{8B5A4AB1-F985-45F1-A4B2-825C479E9A64}.Release|Any CPU.Build.0 = Release|Any CPU
		{8B5A4AB1-F985-45F1-A4B2-825C479E9A64}.Release|x64.ActiveCfg = Release|Any CPU
		{8B5A4AB1-F985-45F1-A4B2-825C479E9A64}.Release|x64.Build.0 = Release|Any CPU
		{8B5A4AB1-F985-45F1-A4B2-825C479E9A64}.Release|x86.ActiveCfg = Release|Any CPU
		{8B5A4AB1-F985-45F1-A4B2-825C479E9A64}.Release|x86.Build.0 = Release|Any CPU
		{CEA9672F-4B87-45FE-9EE7-85E836EB8A77}.Debug|Any CPU.ActiveCfg = Debug|Any CPU
		{CEA9672F-4B87-45FE-9EE7-85E836EB8A77}.Debug|Any CPU.Build.0 = Debug|Any CPU
		{CEA9672F-4B87-45FE-9EE7-85E836EB8A77}.Debug|x64.ActiveCfg = Debug|Any CPU
		{CEA9672F-4B87-45FE-9EE7-85E836EB8A77}.Debug|x64.Build.0 = Debug|Any CPU
		{CEA9672F-4B87-45FE-9EE7-85E836EB8A77}.Debug|x86.ActiveCfg = Debug|Any CPU
		{CEA9672F-4B87-45FE-9EE7-85E836EB8A77}.Debug|x86.Build.0 = Debug|Any CPU
		{CEA9672F-4B87-45FE-9EE7-85E836EB8A77}.Release|Any CPU.ActiveCfg = Release|Any CPU
		{CEA9672F-4B87-45FE-9EE7-85E836EB8A77}.Release|Any CPU.Build.0 = Release|Any CPU
		{CEA9672F-4B87-45FE-9EE7-85E836EB8A77}.Release|x64.ActiveCfg = Release|Any CPU
		{CEA9672F-4B87-45FE-9EE7-85E836EB8A77}.Release|x64.Build.0 = Release|Any CPU
		{CEA9672F-4B87-45FE-9EE7-85E836EB8A77}.Release|x86.ActiveCfg = Release|Any CPU
		{CEA9672F-4B87-45FE-9EE7-85E836EB8A77}.Release|x86.Build.0 = Release|Any CPU
	EndGlobalSection
	GlobalSection(SolutionProperties) = preSolution
		HideSolutionNode = FALSE
	EndGlobalSection
	GlobalSection(ExtensibilityGlobals) = postSolution
		SolutionGuid = {DBA1373D-D890-4B71-8E23-BB7403DCB247}
	EndGlobalSection
EndGlobal
